
Microsoft Visual Studio Solution File, Format Version 12.00
# Visual Studio 15
VisualStudioVersion = 15.0.26124.0
MinimumVisualStudioVersion = 15.0.26124.0
Project("{2150E333-8FDC-42A3-9474-1A3956D46DE8}") = "src", "src", "{874C2334-6A68-423E-855F-52112CC20E79}"
EndProject
Project("{FAE04EC0-301F-11D3-BF4B-00C04F79EFBC}") = "Web", "src\Web\Web.csproj", "{83B10DEE-8D6A-4FAB-B094-3AE26613B14A}"
EndProject
Project("{2150E333-8FDC-42A3-9474-1A3956D46DE8}") = "tests", "tests", "{3CED83BD-322D-4489-A9B0-323B1C19540E}"
EndProject
Project("{FAE04EC0-301F-11D3-BF4B-00C04F79EFBC}") = "UnitTests", "tests\UnitTests\UnitTests.csproj", "{ED9FA415-E24F-46C5-BE8C-279A50BCD7E1}"
EndProject
Global
	GlobalSection(SolutionConfigurationPlatforms) = preSolution
		Debug|Any CPU = Debug|Any CPU
		Debug|x64 = Debug|x64
		Debug|x86 = Debug|x86
		Release|Any CPU = Release|Any CPU
		Release|x64 = Release|x64
		Release|x86 = Release|x86
	EndGlobalSection
	GlobalSection(SolutionProperties) = preSolution
		HideSolutionNode = FALSE
	EndGlobalSection
	GlobalSection(ProjectConfigurationPlatforms) = postSolution
		{83B10DEE-8D6A-4FAB-B094-3AE26613B14A}.Debug|Any CPU.ActiveCfg = Debug|Any CPU
		{83B10DEE-8D6A-4FAB-B094-3AE26613B14A}.Debug|Any CPU.Build.0 = Debug|Any CPU
		{83B10DEE-8D6A-4FAB-B094-3AE26613B14A}.Debug|x64.ActiveCfg = Debug|Any CPU
		{83B10DEE-8D6A-4FAB-B094-3AE26613B14A}.Debug|x64.Build.0 = Debug|Any CPU
		{83B10DEE-8D6A-4FAB-B094-3AE26613B14A}.Debug|x86.ActiveCfg = Debug|Any CPU
		{83B10DEE-8D6A-4FAB-B094-3AE26613B14A}.Debug|x86.Build.0 = Debug|Any CPU
		{83B10DEE-8D6A-4FAB-B094-3AE26613B14A}.Release|Any CPU.ActiveCfg = Release|Any CPU
		{83B10DEE-8D6A-4FAB-B094-3AE26613B14A}.Release|Any CPU.Build.0 = Release|Any CPU
		{83B10DEE-8D6A-4FAB-B094-3AE26613B14A}.Release|x64.ActiveCfg = Release|Any CPU
		{83B10DEE-8D6A-4FAB-B094-3AE26613B14A}.Release|x64.Build.0 = Release|Any CPU
		{83B10DEE-8D6A-4FAB-B094-3AE26613B14A}.Release|x86.ActiveCfg = Release|Any CPU
		{83B10DEE-8D6A-4FAB-B094-3AE26613B14A}.Release|x86.Build.0 = Release|Any CPU
		{ED9FA415-E24F-46C5-BE8C-279A50BCD7E1}.Debug|Any CPU.ActiveCfg = Debug|Any CPU
		{ED9FA415-E24F-46C5-BE8C-279A50BCD7E1}.Debug|Any CPU.Build.0 = Debug|Any CPU
		{ED9FA415-E24F-46C5-BE8C-279A50BCD7E1}.Debug|x64.ActiveCfg = Debug|Any CPU
		{ED9FA415-E24F-46C5-BE8C-279A50BCD7E1}.Debug|x64.Build.0 = Debug|Any CPU
		{ED9FA415-E24F-46C5-BE8C-279A50BCD7E1}.Debug|x86.ActiveCfg = Debug|Any CPU
		{ED9FA415-E24F-46C5-BE8C-279A50BCD7E1}.Debug|x86.Build.0 = Debug|Any CPU
		{ED9FA415-E24F-46C5-BE8C-279A50BCD7E1}.Release|Any CPU.ActiveCfg = Release|Any CPU
		{ED9FA415-E24F-46C5-BE8C-279A50BCD7E1}.Release|Any CPU.Build.0 = Release|Any CPU
		{ED9FA415-E24F-46C5-BE8C-279A50BCD7E1}.Release|x64.ActiveCfg = Release|Any CPU
		{ED9FA415-E24F-46C5-BE8C-279A50BCD7E1}.Release|x64.Build.0 = Release|Any CPU
		{ED9FA415-E24F-46C5-BE8C-279A50BCD7E1}.Release|x86.ActiveCfg = Release|Any CPU
		{ED9FA415-E24F-46C5-BE8C-279A50BCD7E1}.Release|x86.Build.0 = Release|Any CPU
	EndGlobalSection
	GlobalSection(NestedProjects) = preSolution
		{83B10DEE-8D6A-4FAB-B094-3AE26613B14A} = {874C2334-6A68-423E-855F-52112CC20E79}
		{ED9FA415-E24F-46C5-BE8C-279A50BCD7E1} = {3CED83BD-322D-4489-A9B0-323B1C19540E}
	EndGlobalSection
EndGlobal
